
Microsoft Visual Studio Solution File, Format Version 12.00
# Visual Studio Version 17
VisualStudioVersion = 17.8.34330.188
MinimumVisualStudioVersion = 10.0.40219.1
Project("{FAE04EC0-301F-11D3-BF4B-00C04F79EFBC}") = "inventoryEyeBack", "inventoryEyeBack\inventoryEyeBack.csproj", "{C888FD77-0A10-41BF-AC3A-36CF9A5FF86B}"
EndProject
Global
	GlobalSection(SolutionConfigurationPlatforms) = preSolution
		Debug|Any CPU = Debug|Any CPU
		Release|Any CPU = Release|Any CPU
	EndGlobalSection
	GlobalSection(ProjectConfigurationPlatforms) = postSolution
		{C888FD77-0A10-41BF-AC3A-36CF9A5FF86B}.Debug|Any CPU.ActiveCfg = Debug|Any CPU
		{C888FD77-0A10-41BF-AC3A-36CF9A5FF86B}.Debug|Any CPU.Build.0 = Debug|Any CPU
		{C888FD77-0A10-41BF-AC3A-36CF9A5FF86B}.Release|Any CPU.ActiveCfg = Release|Any CPU
		{C888FD77-0A10-41BF-AC3A-36CF9A5FF86B}.Release|Any CPU.Build.0 = Release|Any CPU
	EndGlobalSection
	GlobalSection(SolutionProperties) = preSolution
		HideSolutionNode = FALSE
	EndGlobalSection
	GlobalSection(ExtensibilityGlobals) = postSolution
		SolutionGuid = {6639EB88-0893-42AE-B01F-0C16F08E7581}
	EndGlobalSection
EndGlobal
